
Microsoft Visual Studio Solution File, Format Version 12.00
# Visual Studio Version 17
VisualStudioVersion = 17.5.002.0
MinimumVisualStudioVersion = 10.0.40219.1
Project("{9A19103F-16F7-4668-BE54-9A1E7A4F7556}") = "Task/LZW/Program.cs", "Task\LZW\LZW.csproj", "{25721B75-0FEF-41BD-B1ED-6C5445185097}"
EndProject
Project("{FAE04EC0-301F-11D3-BF4B-00C04F79EFBC}") = "LZWTests", "LZWTests\LZWTests.csproj", "{0755AAE2-1953-4D3B-81C9-1D152C162FC2}"
EndProject
Global
	GlobalSection(SolutionConfigurationPlatforms) = preSolution
		Debug|Any CPU = Debug|Any CPU
		Release|Any CPU = Release|Any CPU
	EndGlobalSection
	GlobalSection(ProjectConfigurationPlatforms) = postSolution
		{25721B75-0FEF-41BD-B1ED-6C5445185097}.Debug|Any CPU.ActiveCfg = Debug|Any CPU
		{25721B75-0FEF-41BD-B1ED-6C5445185097}.Debug|Any CPU.Build.0 = Debug|Any CPU
		{25721B75-0FEF-41BD-B1ED-6C5445185097}.Release|Any CPU.ActiveCfg = Release|Any CPU
		{25721B75-0FEF-41BD-B1ED-6C5445185097}.Release|Any CPU.Build.0 = Release|Any CPU
		{0755AAE2-1953-4D3B-81C9-1D152C162FC2}.Debug|Any CPU.ActiveCfg = Debug|Any CPU
		{0755AAE2-1953-4D3B-81C9-1D152C162FC2}.Debug|Any CPU.Build.0 = Debug|Any CPU
		{0755AAE2-1953-4D3B-81C9-1D152C162FC2}.Release|Any CPU.ActiveCfg = Release|Any CPU
		{0755AAE2-1953-4D3B-81C9-1D152C162FC2}.Release|Any CPU.Build.0 = Release|Any CPU
	EndGlobalSection
	GlobalSection(SolutionProperties) = preSolution
		HideSolutionNode = FALSE
	EndGlobalSection
	GlobalSection(ExtensibilityGlobals) = postSolution
		SolutionGuid = {152BD468-98C4-419E-A82E-C70408763C61}
	EndGlobalSection
EndGlobal
