
Microsoft Visual Studio Solution File, Format Version 12.00
# Visual Studio Version 17
VisualStudioVersion = 17.5.002.0
MinimumVisualStudioVersion = 10.0.40219.1
Project("{9A19103F-16F7-4668-BE54-9A1E7A4F7556}") = "SparseVector", "Task\SparseVector.csproj", "{8AC79F4A-1A22-4581-8C6F-0809F125771D}"
EndProject
Project("{FAE04EC0-301F-11D3-BF4B-00C04F79EFBC}") = "Tests", "Tests\Tests.csproj", "{E1C374A1-4125-40A6-AA96-528CBE88AD47}"
EndProject
Global
	GlobalSection(SolutionConfigurationPlatforms) = preSolution
		Debug|Any CPU = Debug|Any CPU
		Release|Any CPU = Release|Any CPU
	EndGlobalSection
	GlobalSection(ProjectConfigurationPlatforms) = postSolution
		{8AC79F4A-1A22-4581-8C6F-0809F125771D}.Debug|Any CPU.ActiveCfg = Debug|Any CPU
		{8AC79F4A-1A22-4581-8C6F-0809F125771D}.Debug|Any CPU.Build.0 = Debug|Any CPU
		{8AC79F4A-1A22-4581-8C6F-0809F125771D}.Release|Any CPU.ActiveCfg = Release|Any CPU
		{8AC79F4A-1A22-4581-8C6F-0809F125771D}.Release|Any CPU.Build.0 = Release|Any CPU
		{E1C374A1-4125-40A6-AA96-528CBE88AD47}.Debug|Any CPU.ActiveCfg = Debug|Any CPU
		{E1C374A1-4125-40A6-AA96-528CBE88AD47}.Debug|Any CPU.Build.0 = Debug|Any CPU
		{E1C374A1-4125-40A6-AA96-528CBE88AD47}.Release|Any CPU.ActiveCfg = Release|Any CPU
		{E1C374A1-4125-40A6-AA96-528CBE88AD47}.Release|Any CPU.Build.0 = Release|Any CPU
	EndGlobalSection
	GlobalSection(SolutionProperties) = preSolution
		HideSolutionNode = FALSE
	EndGlobalSection
	GlobalSection(ExtensibilityGlobals) = postSolution
		SolutionGuid = {253B6EA3-DFF5-4044-B753-A2DBD3BF0E56}
	EndGlobalSection
EndGlobal
